# THIS IS AN AUTOGENERATED FILE. DO NOT EDIT THIS FILE DIRECTLY.
# yarn lockfile v1


hono@^3.7.2:
  version "3.7.2"
  resolved "https://registry.yarnpkg.com/hono/-/hono-3.7.2.tgz#c3839d7ffbb5120850b2b926363d065020f4d18c"
  integrity sha512-5SWYrAQJlfjHggcDTnmKZd5zlUEXmoUiBjnmL6C1W8MX39/bUw6ZIvfEJZgpo7d7Z/vCJ5FRfkjIQPRH5yV/dQ==
